
Microsoft Visual Studio Solution File, Format Version 12.00
# Visual Studio Version 17
VisualStudioVersion = 17.3.32922.545
MinimumVisualStudioVersion = 10.0.40219.1
Project("{FAE04EC0-301F-11D3-BF4B-00C04F79EFBC}") = "DataStructure", "DataStructure\DataStructure.csproj", "{0A134BBD-32A8-4BB6-B4DC-85FE9C1ADC58}"
EndProject
Global
	GlobalSection(SolutionConfigurationPlatforms) = preSolution
		Debug|Any CPU = Debug|Any CPU
		Release|Any CPU = Release|Any CPU
	EndGlobalSection
	GlobalSection(ProjectConfigurationPlatforms) = postSolution
		{0A134BBD-32A8-4BB6-B4DC-85FE9C1ADC58}.Debug|Any CPU.ActiveCfg = Debug|Any CPU
		{0A134BBD-32A8-4BB6-B4DC-85FE9C1ADC58}.Debug|Any CPU.Build.0 = Debug|Any CPU
		{0A134BBD-32A8-4BB6-B4DC-85FE9C1ADC58}.Release|Any CPU.ActiveCfg = Release|Any CPU
		{0A134BBD-32A8-4BB6-B4DC-85FE9C1ADC58}.Release|Any CPU.Build.0 = Release|Any CPU
	EndGlobalSection
	GlobalSection(SolutionProperties) = preSolution
		HideSolutionNode = FALSE
	EndGlobalSection
	GlobalSection(ExtensibilityGlobals) = postSolution
		SolutionGuid = {D5643A0F-77E8-4405-A776-9B17DE82D3CE}
	EndGlobalSection
EndGlobal
