
Microsoft Visual Studio Solution File, Format Version 12.00
# Visual Studio Version 17
VisualStudioVersion = 17.3.32929.385
MinimumVisualStudioVersion = 10.0.40219.1
Project("{FAE04EC0-301F-11D3-BF4B-00C04F79EFBC}") = "Graph", "Graph\Graph.csproj", "{14703B15-E459-40A9-9B47-63EBAA77AD58}"
EndProject
Global
	GlobalSection(SolutionConfigurationPlatforms) = preSolution
		Debug|Any CPU = Debug|Any CPU
		Release|Any CPU = Release|Any CPU
	EndGlobalSection
	GlobalSection(ProjectConfigurationPlatforms) = postSolution
		{14703B15-E459-40A9-9B47-63EBAA77AD58}.Debug|Any CPU.ActiveCfg = Debug|Any CPU
		{14703B15-E459-40A9-9B47-63EBAA77AD58}.Debug|Any CPU.Build.0 = Debug|Any CPU
		{14703B15-E459-40A9-9B47-63EBAA77AD58}.Release|Any CPU.ActiveCfg = Release|Any CPU
		{14703B15-E459-40A9-9B47-63EBAA77AD58}.Release|Any CPU.Build.0 = Release|Any CPU
	EndGlobalSection
	GlobalSection(SolutionProperties) = preSolution
		HideSolutionNode = FALSE
	EndGlobalSection
	GlobalSection(ExtensibilityGlobals) = postSolution
		SolutionGuid = {B8FF366F-BC10-47E5-9CA3-1159BC866635}
	EndGlobalSection
EndGlobal
