
Microsoft Visual Studio Solution File, Format Version 12.00
# Visual Studio Version 17
VisualStudioVersion = 17.2.32616.157
MinimumVisualStudioVersion = 10.0.40219.1
Project("{FAE04EC0-301F-11D3-BF4B-00C04F79EFBC}") = "EmployeeInfo", "EmployeeInfo.csproj", "{67B34A3D-54D2-48EF-92A1-A5DF8F7A5A92}"
EndProject
Global
	GlobalSection(SolutionConfigurationPlatforms) = preSolution
		Debug|Any CPU = Debug|Any CPU
		Release|Any CPU = Release|Any CPU
	EndGlobalSection
	GlobalSection(ProjectConfigurationPlatforms) = postSolution
		{67B34A3D-54D2-48EF-92A1-A5DF8F7A5A92}.Debug|Any CPU.ActiveCfg = Debug|Any CPU
		{67B34A3D-54D2-48EF-92A1-A5DF8F7A5A92}.Debug|Any CPU.Build.0 = Debug|Any CPU
		{67B34A3D-54D2-48EF-92A1-A5DF8F7A5A92}.Release|Any CPU.ActiveCfg = Release|Any CPU
		{67B34A3D-54D2-48EF-92A1-A5DF8F7A5A92}.Release|Any CPU.Build.0 = Release|Any CPU
	EndGlobalSection
	GlobalSection(SolutionProperties) = preSolution
		HideSolutionNode = FALSE
	EndGlobalSection
	GlobalSection(ExtensibilityGlobals) = postSolution
		SolutionGuid = {5EB0A99B-D90E-4279-B0FC-EAD616A8172C}
	EndGlobalSection
EndGlobal
