
Microsoft Visual Studio Solution File, Format Version 12.00
# Visual Studio Version 17
VisualStudioVersion = 17.3.32929.385
MinimumVisualStudioVersion = 10.0.40219.1
Project("{FAE04EC0-301F-11D3-BF4B-00C04F79EFBC}") = "MyDataStructure", "MyDataStructure\MyDataStructure.csproj", "{F1B3399F-9079-491F-8301-79DC7FABC241}"
EndProject
Global
	GlobalSection(SolutionConfigurationPlatforms) = preSolution
		Debug|Any CPU = Debug|Any CPU
		Release|Any CPU = Release|Any CPU
	EndGlobalSection
	GlobalSection(ProjectConfigurationPlatforms) = postSolution
		{F1B3399F-9079-491F-8301-79DC7FABC241}.Debug|Any CPU.ActiveCfg = Debug|Any CPU
		{F1B3399F-9079-491F-8301-79DC7FABC241}.Debug|Any CPU.Build.0 = Debug|Any CPU
		{F1B3399F-9079-491F-8301-79DC7FABC241}.Release|Any CPU.ActiveCfg = Release|Any CPU
		{F1B3399F-9079-491F-8301-79DC7FABC241}.Release|Any CPU.Build.0 = Release|Any CPU
	EndGlobalSection
	GlobalSection(SolutionProperties) = preSolution
		HideSolutionNode = FALSE
	EndGlobalSection
	GlobalSection(ExtensibilityGlobals) = postSolution
		SolutionGuid = {9BCEF3F9-BB08-4636-BCB3-609F940EDEB3}
	EndGlobalSection
EndGlobal
